
Microsoft Visual Studio Solution File, Format Version 12.00
# Visual Studio Version 16
VisualStudioVersion = 16.0.29806.167
MinimumVisualStudioVersion = 10.0.40219.1
Project("{9A19103F-16F7-4668-BE54-9A1E7A4F7556}") = "Scummer", "Scummer.csproj", "{60D66BED-6C91-4F5A-9F67-EB8B44063D2E}"
EndProject
Global
	GlobalSection(SolutionConfigurationPlatforms) = preSolution
		Debug|Any CPU = Debug|Any CPU
		Release|Any CPU = Release|Any CPU
	EndGlobalSection
	GlobalSection(ProjectConfigurationPlatforms) = postSolution
		{60D66BED-6C91-4F5A-9F67-EB8B44063D2E}.Debug|Any CPU.ActiveCfg = Debug|Any CPU
		{60D66BED-6C91-4F5A-9F67-EB8B44063D2E}.Debug|Any CPU.Build.0 = Debug|Any CPU
		{60D66BED-6C91-4F5A-9F67-EB8B44063D2E}.Release|Any CPU.ActiveCfg = Release|Any CPU
		{60D66BED-6C91-4F5A-9F67-EB8B44063D2E}.Release|Any CPU.Build.0 = Release|Any CPU
	EndGlobalSection
	GlobalSection(SolutionProperties) = preSolution
		HideSolutionNode = FALSE
	EndGlobalSection
	GlobalSection(ExtensibilityGlobals) = postSolution
		SolutionGuid = {A2EFA14F-55AC-4D15-BDD0-CF1DF3AF4D78}
	EndGlobalSection
EndGlobal
